
Microsoft Visual Studio Solution File, Format Version 12.00
# Visual Studio Version 16
VisualStudioVersion = 16.0.30002.166
MinimumVisualStudioVersion = 10.0.40219.1
Project("{FAE04EC0-301F-11D3-BF4B-00C04F79EFBC}") = "BookListRazor", "BookListRazor\BookListRazor.csproj", "{2599FB72-7D75-4977-AA72-C93E1B3F43E3}"
EndProject
Global
	GlobalSection(SolutionConfigurationPlatforms) = preSolution
		Debug|Any CPU = Debug|Any CPU
		Release|Any CPU = Release|Any CPU
	EndGlobalSection
	GlobalSection(ProjectConfigurationPlatforms) = postSolution
		{2599FB72-7D75-4977-AA72-C93E1B3F43E3}.Debug|Any CPU.ActiveCfg = Debug|Any CPU
		{2599FB72-7D75-4977-AA72-C93E1B3F43E3}.Debug|Any CPU.Build.0 = Debug|Any CPU
		{2599FB72-7D75-4977-AA72-C93E1B3F43E3}.Release|Any CPU.ActiveCfg = Release|Any CPU
		{2599FB72-7D75-4977-AA72-C93E1B3F43E3}.Release|Any CPU.Build.0 = Release|Any CPU
	EndGlobalSection
	GlobalSection(SolutionProperties) = preSolution
		HideSolutionNode = FALSE
	EndGlobalSection
	GlobalSection(ExtensibilityGlobals) = postSolution
		SolutionGuid = {0A1C2B56-5B8D-47B4-8554-D703D511DBE0}
	EndGlobalSection
EndGlobal
